// !$*UTF8*$!
{
	archiveVersion = 1;
	classes = {
	};
	objectVersion = 50;
	objects = {

/* Begin PBXBuildFile section */
		D14AACD42458895C00F59220 /* main.cpp in Sources */ = {isa = PBXBuildFile; fileRef = D14AACD32458895C00F59220 /* main.cpp */; };
		D14AACDE245889DB00F59220 /* blockchain.cpp in Sources */ = {isa = PBXBuildFile; fileRef = D14AACDC245889DB00F59220 /* blockchain.cpp */; };
		D14AACE1245889F200F59220 /* block.cpp in Sources */ = {isa = PBXBuildFile; fileRef = D14AACDF245889F200F59220 /* block.cpp */; };
		D14AACE524588A1000F59220 /* inout.cpp in Sources */ = {isa = PBXBuildFile; fileRef = D14AACE324588A1000F59220 /* inout.cpp */; };
/* End PBXBuildFile section */

/* Begin PBXCopyFilesBuildPhase section */
		D14AACCE2458895C00F59220 /* CopyFiles */ = {
			isa = PBXCopyFilesBuildPhase;
			buildActionMask = 2147483647;
			dstPath = /usr/share/man/man1/;
			dstSubfolderSpec = 0;
			files = (
			);
			runOnlyForDeploymentPostprocessing = 1;
		};
/* End PBXCopyFilesBuildPhase section */

/* Begin PBXFileReference section */
		D14AACD02458895C00F59220 /* Blockchain-App */ = {isa = PBXFileReference; explicitFileType = "compiled.mach-o.executable"; includeInIndex = 0; path = "Blockchain-App"; sourceTree = BUILT_PRODUCTS_DIR; };
		D14AACD32458895C00F59220 /* main.cpp */ = {isa = PBXFileReference; lastKnownFileType = sourcecode.cpp.cpp; path = main.cpp; sourceTree = "<group>"; };
		D14AACDC245889DB00F59220 /* blockchain.cpp */ = {isa = PBXFileReference; lastKnownFileType = sourcecode.cpp.cpp; path = blockchain.cpp; sourceTree = "<group>"; };
		D14AACDD245889DB00F59220 /* blockchain.hpp */ = {isa = PBXFileReference; lastKnownFileType = sourcecode.cpp.h; path = blockchain.hpp; sourceTree = "<group>"; };
		D14AACDF245889F200F59220 /* block.cpp */ = {isa = PBXFileReference; lastKnownFileType = sourcecode.cpp.cpp; path = block.cpp; sourceTree = "<group>"; };
		D14AACE0245889F200F59220 /* block.hpp */ = {isa = PBXFileReference; lastKnownFileType = sourcecode.cpp.h; path = block.hpp; sourceTree = "<group>"; };
		D14AACE324588A1000F59220 /* inout.cpp */ = {isa = PBXFileReference; lastKnownFileType = sourcecode.cpp.cpp; path = inout.cpp; sourceTree = "<group>"; };
		D14AACE424588A1000F59220 /* inout.hpp */ = {isa = PBXFileReference; lastKnownFileType = sourcecode.cpp.h; path = inout.hpp; sourceTree = "<group>"; };
/* End PBXFileReference section */

/* Begin PBXFrameworksBuildPhase section */
		D14AACCD2458895C00F59220 /* Frameworks */ = {
			isa = PBXFrameworksBuildPhase;
			buildActionMask = 2147483647;
			files = (
			);
			runOnlyForDeploymentPostprocessing = 0;
		};
/* End PBXFrameworksBuildPhase section */

/* Begin PBXGroup section */
		D14AACC72458895C00F59220 = {
			isa = PBXGroup;
			children = (
				D14AACD22458895C00F59220 /* Blockchain-App */,
				D14AACD12458895C00F59220 /* Products */,
			);
			sourceTree = "<group>";
		};
		D14AACD12458895C00F59220 /* Products */ = {
			isa = PBXGroup;
			children = (
				D14AACD02458895C00F59220 /* Blockchain-App */,
			);
			name = Products;
			sourceTree = "<group>";
		};
		D14AACD22458895C00F59220 /* Blockchain-App */ = {
			isa = PBXGroup;
			children = (
				D14AACE2245889FC00F59220 /* InOut */,
				D14AACDB2458899B00F59220 /* Blockchain */,
				D14AACD32458895C00F59220 /* main.cpp */,
			);
			path = "Blockchain-App";
			sourceTree = "<group>";
		};
		D14AACDB2458899B00F59220 /* Blockchain */ = {
			isa = PBXGroup;
			children = (
				D14AACDC245889DB00F59220 /* blockchain.cpp */,
				D14AACDD245889DB00F59220 /* blockchain.hpp */,
				D14AACDF245889F200F59220 /* block.cpp */,
				D14AACE0245889F200F59220 /* block.hpp */,
			);
			path = Blockchain;
			sourceTree = "<group>";
		};
		D14AACE2245889FC00F59220 /* InOut */ = {
			isa = PBXGroup;
			children = (
				D14AACE324588A1000F59220 /* inout.cpp */,
				D14AACE424588A1000F59220 /* inout.hpp */,
			);
			path = InOut;
			sourceTree = "<group>";
		};
/* End PBXGroup section */

/* Begin PBXNativeTarget section */
		D14AACCF2458895C00F59220 /* Blockchain-App */ = {
			isa = PBXNativeTarget;
			buildConfigurationList = D14AACD72458895C00F59220 /* Build configuration list for PBXNativeTarget "Blockchain-App" */;
			buildPhases = (
				D14AACCC2458895C00F59220 /* Sources */,
				D14AACCD2458895C00F59220 /* Frameworks */,
				D14AACCE2458895C00F59220 /* CopyFiles */,
			);
			buildRules = (
			);
			dependencies = (
			);
			name = "Blockchain-App";
			productName = "Blockchain-App";
			productReference = D14AACD02458895C00F59220 /* Blockchain-App */;
			productType = "com.apple.product-type.tool";
		};
/* End PBXNativeTarget section */

/* Begin PBXProject section */
		D14AACC82458895C00F59220 /* Project object */ = {
			isa = PBXProject;
			attributes = {
				LastUpgradeCheck = 1130;
				ORGANIZATIONNAME = "Berend-Jan Lange";
				TargetAttributes = {
					D14AACCF2458895C00F59220 = {
						CreatedOnToolsVersion = 11.3.1;
					};
				};
			};
			buildConfigurationList = D14AACCB2458895C00F59220 /* Build configuration list for PBXProject "Blockchain-App" */;
			compatibilityVersion = "Xcode 9.3";
			developmentRegion = en;
			hasScannedForEncodings = 0;
			knownRegions = (
				en,
				Base,
			);
			mainGroup = D14AACC72458895C00F59220;
			productRefGroup = D14AACD12458895C00F59220 /* Products */;
			projectDirPath = "";
			projectRoot = "";
			targets = (
				D14AACCF2458895C00F59220 /* Blockchain-App */,
			);
		};
/* End PBXProject section */

/* Begin PBXSourcesBuildPhase section */
		D14AACCC2458895C00F59220 /* Sources */ = {
			isa = PBXSourcesBuildPhase;
			buildActionMask = 2147483647;
			files = (
				D14AACD42458895C00F59220 /* main.cpp in Sources */,
				D14AACE524588A1000F59220 /* inout.cpp in Sources */,
				D14AACDE245889DB00F59220 /* blockchain.cpp in Sources */,
				D14AACE1245889F200F59220 /* block.cpp in Sources */,
			);
			runOnlyForDeploymentPostprocessing = 0;
		};
/* End PBXSourcesBuildPhase section */

/* Begin XCBuildConfiguration section */
		D14AACD52458895C00F59220 /* Debug */ = {
			isa = XCBuildConfiguration;
			buildSettings = {
				ALWAYS_SEARCH_USER_PATHS = NO;
				CLANG_ANALYZER_NONNULL = YES;
				CLANG_ANALYZER_NUMBER_OBJECT_CONVERSION = YES_AGGRESSIVE;
				CLANG_CXX_LANGUAGE_STANDARD = "gnu++14";
				CLANG_CXX_LIBRARY = "libc++";
				CLANG_ENABLE_MODULES = YES;
				CLANG_ENABLE_OBJC_ARC = YES;
				CLANG_ENABLE_OBJC_WEAK = YES;
				CLANG_WARN_BLOCK_CAPTURE_AUTORELEASING = YES;
				CLANG_WARN_BOOL_CONVERSION = YES;
				CLANG_WARN_COMMA = YES;
				CLANG_WARN_CONSTANT_CONVERSION = YES;
				CLANG_WARN_DEPRECATED_OBJC_IMPLEMENTATIONS = YES;
				CLANG_WARN_DIRECT_OBJC_ISA_USAGE = YES_ERROR;
				CLANG_WARN_DOCUMENTATION_COMMENTS = YES;
				CLANG_WARN_EMPTY_BODY = YES;
				CLANG_WARN_ENUM_CONVERSION = YES;
				CLANG_WARN_INFINITE_RECURSION = YES;
				CLANG_WARN_INT_CONVERSION = YES;
				CLANG_WARN_NON_LITERAL_NULL_CONVERSION = YES;
				CLANG_WARN_OBJC_IMPLICIT_RETAIN_SELF = YES;
				CLANG_WARN_OBJC_LITERAL_CONVERSION = YES;
				CLANG_WARN_OBJC_ROOT_CLASS = YES_ERROR;
				CLANG_WARN_RANGE_LOOP_ANALYSIS = YES;
				CLANG_WARN_STRICT_PROTOTYPES = YES;
				CLANG_WARN_SUSPICIOUS_MOVE = YES;
				CLANG_WARN_UNGUARDED_AVAILABILITY = YES_AGGRESSIVE;
				CLANG_WARN_UNREACHABLE_CODE = YES;
				CLANG_WARN__DUPLICATE_METHOD_MATCH = YES;
				COPY_PHASE_STRIP = NO;
				DEBUG_INFORMATION_FORMAT = dwarf;
				ENABLE_STRICT_OBJC_MSGSEND = YES;
				ENABLE_TESTABILITY = YES;
				GCC_C_LANGUAGE_STANDARD = gnu11;
				GCC_DYNAMIC_NO_PIC = NO;
				GCC_NO_COMMON_BLOCKS = YES;
				GCC_OPTIMIZATION_LEVEL = 0;
				GCC_PREPROCESSOR_DEFINITIONS = (
					"DEBUG=1",
					"$(inherited)",
				);
				GCC_WARN_64_TO_32_BIT_CONVERSION = YES;
				GCC_WARN_ABOUT_RETURN_TYPE = YES_ERROR;
				GCC_WARN_UNDECLARED_SELECTOR = YES;
				GCC_WARN_UNINITIALIZED_AUTOS = YES_AGGRESSIVE;
				GCC_WARN_UNUSED_FUNCTION = YES;
				GCC_WARN_UNUSED_VARIABLE = YES;
				MACOSX_DEPLOYMENT_TARGET = 10.15;
				MTL_ENABLE_DEBUG_INFO = INCLUDE_SOURCE;
				MTL_FAST_MATH = YES;
				ONLY_ACTIVE_ARCH = YES;
				SDKROOT = macosx;
			};
			name = Debug;
		};
		D14AACD62458895C00F59220 /* Release */ = {
			isa = XCBuildConfiguration;
			buildSettings = {
				ALWAYS_SEARCH_USER_PATHS = NO;
				CLANG_ANALYZER_NONNULL = YES;
				CLANG_ANALYZER_NUMBER_OBJECT_CONVERSION = YES_AGGRESSIVE;
				CLANG_CXX_LANGUAGE_STANDARD = "gnu++14";
				CLANG_CXX_LIBRARY = "libc++";
				CLANG_ENABLE_MODULES = YES;
				CLANG_ENABLE_OBJC_ARC = YES;
				CLANG_ENABLE_OBJC_WEAK = YES;
				CLANG_WARN_BLOCK_CAPTURE_AUTORELEASING = YES;
				CLANG_WARN_BOOL_CONVERSION = YES;
				CLANG_WARN_COMMA = YES;
				CLANG_WARN_CONSTANT_CONVERSION = YES;
				CLANG_WARN_DEPRECATED_OBJC_IMPLEMENTATIONS = YES;
				CLANG_WARN_DIRECT_OBJC_ISA_USAGE = YES_ERROR;
				CLANG_WARN_DOCUMENTATION_COMMENTS = YES;
				CLANG_WARN_EMPTY_BODY = YES;
				CLANG_WARN_ENUM_CONVERSION = YES;
				CLANG_WARN_INFINITE_RECURSION = YES;
				CLANG_WARN_INT_CONVERSION = YES;
				CLANG_WARN_NON_LITERAL_NULL_CONVERSION = YES;
				CLANG_WARN_OBJC_IMPLICIT_RETAIN_SELF = YES;
				CLANG_WARN_OBJC_LITERAL_CONVERSION = YES;
				CLANG_WARN_OBJC_ROOT_CLASS = YES_ERROR;
				CLANG_WARN_RANGE_LOOP_ANALYSIS = YES;
				CLANG_WARN_STRICT_PROTOTYPES = YES;
				CLANG_WARN_SUSPICIOUS_MOVE = YES;
				CLANG_WARN_UNGUARDED_AVAILABILITY = YES_AGGRESSIVE;
				CLANG_WARN_UNREACHABLE_CODE = YES;
				CLANG_WARN__DUPLICATE_METHOD_MATCH = YES;
				COPY_PHASE_STRIP = NO;
				DEBUG_INFORMATION_FORMAT = "dwarf-with-dsym";
				ENABLE_NS_ASSERTIONS = NO;
				ENABLE_STRICT_OBJC_MSGSEND = YES;
				GCC_C_LANGUAGE_STANDARD = gnu11;
				GCC_NO_COMMON_BLOCKS = YES;
				GCC_WARN_64_TO_32_BIT_CONVERSION = YES;
				GCC_WARN_ABOUT_RETURN_TYPE = YES_ERROR;
				GCC_WARN_UNDECLARED_SELECTOR = YES;
				GCC_WARN_UNINITIALIZED_AUTOS = YES_AGGRESSIVE;
				GCC_WARN_UNUSED_FUNCTION = YES;
				GCC_WARN_UNUSED_VARIABLE = YES;
				MACOSX_DEPLOYMENT_TARGET = 10.15;
				MTL_ENABLE_DEBUG_INFO = NO;
				MTL_FAST_MATH = YES;
				SDKROOT = macosx;
			};
			name = Release;
		};
		D14AACD82458895C00F59220 /* Debug */ = {
			isa = XCBuildConfiguration;
			buildSettings = {
				CODE_SIGN_STYLE = Automatic;
				DEVELOPMENT_TEAM = 4DUKV95NFS;
				ENABLE_HARDENED_RUNTIME = YES;
				PRODUCT_NAME = "$(TARGET_NAME)";
			};
			name = Debug;
		};
		D14AACD92458895C00F59220 /* Release */ = {
			isa = XCBuildConfiguration;
			buildSettings = {
				CODE_SIGN_STYLE = Automatic;
				DEVELOPMENT_TEAM = 4DUKV95NFS;
				ENABLE_HARDENED_RUNTIME = YES;
				PRODUCT_NAME = "$(TARGET_NAME)";
			};
			name = Release;
		};
/* End XCBuildConfiguration section */

/* Begin XCConfigurationList section */
		D14AACCB2458895C00F59220 /* Build configuration list for PBXProject "Blockchain-App" */ = {
			isa = XCConfigurationList;
			buildConfigurations = (
				D14AACD52458895C00F59220 /* Debug */,
				D14AACD62458895C00F59220 /* Release */,
			);
			defaultConfigurationIsVisible = 0;
			defaultConfigurationName = Release;
		};
		D14AACD72458895C00F59220 /* Build configuration list for PBXNativeTarget "Blockchain-App" */ = {
			isa = XCConfigurationList;
			buildConfigurations = (
				D14AACD82458895C00F59220 /* Debug */,
				D14AACD92458895C00F59220 /* Release */,
			);
			defaultConfigurationIsVisible = 0;
			defaultConfigurationName = Release;
		};
/* End XCConfigurationList section */
	};
	rootObject = D14AACC82458895C00F59220 /* Project object */;
}
